
Microsoft Visual Studio Solution File, Format Version 12.00
# Visual Studio Version 17
VisualStudioVersion = 17.11.35312.102
MinimumVisualStudioVersion = 10.0.40219.1
Project("{9A19103F-16F7-4668-BE54-9A1E7A4F7556}") = "CashFlowApi.WebApi", "src\CashFlowApi.WebApi\CashFlowApi.WebApi.csproj", "{BCD6784F-DB3E-4FCD-91D9-7588176F4C1F}"
EndProject
Project("{9A19103F-16F7-4668-BE54-9A1E7A4F7556}") = "CashFlowApi.Application", "src\CashFlowApi.Application\CashFlowApi.Application.csproj", "{063E94D2-F880-4F76-8435-D851E142D5F5}"
EndProject
Project("{FAE04EC0-301F-11D3-BF4B-00C04F79EFBC}") = "Application.Tests", "test\Application.Tests\Application.Tests.csproj", "{33B181C9-7BBD-479B-A78B-AE575F95C93E}"
EndProject
Project("{FAE04EC0-301F-11D3-BF4B-00C04F79EFBC}") = "CashFlowApi.Infrastructure", "src\CashFlowApi.Infrastructure\CashFlowApi.Infrastructure.csproj", "{E98F280D-C491-48A6-A294-0C65FC958FBB}"
EndProject
Project("{FAE04EC0-301F-11D3-BF4B-00C04F79EFBC}") = "CashFlowApi.Domain", "src\CashFlowApi.Domain\CashFlowApi.Domain.csproj", "{2B613B08-85BD-4100-AB78-0A243CA52B9F}"
EndProject
Global
	GlobalSection(SolutionConfigurationPlatforms) = preSolution
		Debug|Any CPU = Debug|Any CPU
		Release|Any CPU = Release|Any CPU
	EndGlobalSection
	GlobalSection(ProjectConfigurationPlatforms) = postSolution
		{BCD6784F-DB3E-4FCD-91D9-7588176F4C1F}.Debug|Any CPU.ActiveCfg = Debug|Any CPU
		{BCD6784F-DB3E-4FCD-91D9-7588176F4C1F}.Debug|Any CPU.Build.0 = Debug|Any CPU
		{BCD6784F-DB3E-4FCD-91D9-7588176F4C1F}.Release|Any CPU.ActiveCfg = Release|Any CPU
		{BCD6784F-DB3E-4FCD-91D9-7588176F4C1F}.Release|Any CPU.Build.0 = Release|Any CPU
		{063E94D2-F880-4F76-8435-D851E142D5F5}.Debug|Any CPU.ActiveCfg = Debug|Any CPU
		{063E94D2-F880-4F76-8435-D851E142D5F5}.Debug|Any CPU.Build.0 = Debug|Any CPU
		{063E94D2-F880-4F76-8435-D851E142D5F5}.Release|Any CPU.ActiveCfg = Release|Any CPU
		{063E94D2-F880-4F76-8435-D851E142D5F5}.Release|Any CPU.Build.0 = Release|Any CPU
		{33B181C9-7BBD-479B-A78B-AE575F95C93E}.Debug|Any CPU.ActiveCfg = Debug|Any CPU
		{33B181C9-7BBD-479B-A78B-AE575F95C93E}.Debug|Any CPU.Build.0 = Debug|Any CPU
		{33B181C9-7BBD-479B-A78B-AE575F95C93E}.Release|Any CPU.ActiveCfg = Release|Any CPU
		{33B181C9-7BBD-479B-A78B-AE575F95C93E}.Release|Any CPU.Build.0 = Release|Any CPU
		{141CF1DC-BCFD-4DE2-B685-0AE2160DC345}.Debug|Any CPU.ActiveCfg = Debug|Any CPU
		{141CF1DC-BCFD-4DE2-B685-0AE2160DC345}.Debug|Any CPU.Build.0 = Debug|Any CPU
		{141CF1DC-BCFD-4DE2-B685-0AE2160DC345}.Release|Any CPU.ActiveCfg = Release|Any CPU
		{141CF1DC-BCFD-4DE2-B685-0AE2160DC345}.Release|Any CPU.Build.0 = Release|Any CPU
		{E98F280D-C491-48A6-A294-0C65FC958FBB}.Debug|Any CPU.ActiveCfg = Debug|Any CPU
		{E98F280D-C491-48A6-A294-0C65FC958FBB}.Debug|Any CPU.Build.0 = Debug|Any CPU
		{E98F280D-C491-48A6-A294-0C65FC958FBB}.Release|Any CPU.ActiveCfg = Release|Any CPU
		{E98F280D-C491-48A6-A294-0C65FC958FBB}.Release|Any CPU.Build.0 = Release|Any CPU
		{2B613B08-85BD-4100-AB78-0A243CA52B9F}.Debug|Any CPU.ActiveCfg = Debug|Any CPU
		{2B613B08-85BD-4100-AB78-0A243CA52B9F}.Debug|Any CPU.Build.0 = Debug|Any CPU
		{2B613B08-85BD-4100-AB78-0A243CA52B9F}.Release|Any CPU.ActiveCfg = Release|Any CPU
		{2B613B08-85BD-4100-AB78-0A243CA52B9F}.Release|Any CPU.Build.0 = Release|Any CPU
	EndGlobalSection
	GlobalSection(SolutionProperties) = preSolution
		HideSolutionNode = FALSE
	EndGlobalSection
	GlobalSection(NestedProjects) = preSolution
		{33B181C9-7BBD-479B-A78B-AE575F95C93E} = {2A65B182-9138-4D6D-9D85-8DFA287B2A35}
		{141CF1DC-BCFD-4DE2-B685-0AE2160DC345} = {2A65B182-9138-4D6D-9D85-8DFA287B2A35}
	EndGlobalSection
	GlobalSection(ExtensibilityGlobals) = postSolution
		SolutionGuid = {DA55A86C-DA9E-449F-A064-AF1D8B7DA0FE}
	EndGlobalSection
EndGlobal
